github.com/pkg/errors v0.8.1 h1:iURUrRGxPUNPdy5/HRSm+Yj6okJ6UtLINN0Q9M4+h3I=
github.com/pkg/errors v0.8.1/go.mod h1:bwawxfHBFNV+L2hUp1rHADufV3IMtnDRdf1r5NINEl0=
github.com/pkg/errors v0.8.2-0.20191109102316-7f95ac13edff h1:t8HrPGxv+T5aQouXpNfSM0PkTG4WQ0P3NTtfXzIJaio=
github.com/pkg/errors v0.8.2-0.20191109102316-7f95ac13edff/go.mod h1:bwawxfHBFNV+L2hUp1rHADufV3IMtnDRdf1r5NINEl0=
